
Microsoft Visual Studio Solution File, Format Version 12.00
# Visual Studio Version 16
VisualStudioVersion = 16.0.31624.102
MinimumVisualStudioVersion = 10.0.40219.1
Project("{FAE04EC0-301F-11D3-BF4B-00C04F79EFBC}") = "App1.Android", "App1\App1.Android\App1.Android.csproj", "{0D44F9BB-76ED-4787-A98D-2596BD03E23F}"
EndProject
Project("{FAE04EC0-301F-11D3-BF4B-00C04F79EFBC}") = "App1.iOS", "App1\App1.iOS\App1.iOS.csproj", "{43BA98AA-CC29-4541-8C0E-061CE1C0AA3F}"
EndProject
Project("{FAE04EC0-301F-11D3-BF4B-00C04F79EFBC}") = "App1", "App1\App1\App1.csproj", "{7BDE3906-408B-483E-A276-2C260107EB10}"
EndProject
Global
	GlobalSection(SolutionConfigurationPlatforms) = preSolution
		Debug|Any CPU = Debug|Any CPU
		Debug|iPhone = Debug|iPhone
		Debug|iPhoneSimulator = Debug|iPhoneSimulator
		Release|Any CPU = Release|Any CPU
		Release|iPhone = Release|iPhone
		Release|iPhoneSimulator = Release|iPhoneSimulator
	EndGlobalSection
	GlobalSection(ProjectConfigurationPlatforms) = postSolution
		{0D44F9BB-76ED-4787-A98D-2596BD03E23F}.Debug|Any CPU.ActiveCfg = Debug|Any CPU
		{0D44F9BB-76ED-4787-A98D-2596BD03E23F}.Debug|Any CPU.Build.0 = Debug|Any CPU
		{0D44F9BB-76ED-4787-A98D-2596BD03E23F}.Debug|Any CPU.Deploy.0 = Debug|Any CPU
		{0D44F9BB-76ED-4787-A98D-2596BD03E23F}.Debug|iPhone.ActiveCfg = Debug|Any CPU
		{0D44F9BB-76ED-4787-A98D-2596BD03E23F}.Debug|iPhone.Build.0 = Debug|Any CPU
		{0D44F9BB-76ED-4787-A98D-2596BD03E23F}.Debug|iPhone.Deploy.0 = Debug|Any CPU
		{0D44F9BB-76ED-4787-A98D-2596BD03E23F}.Debug|iPhoneSimulator.ActiveCfg = Debug|Any CPU
		{0D44F9BB-76ED-4787-A98D-2596BD03E23F}.Debug|iPhoneSimulator.Build.0 = Debug|Any CPU
		{0D44F9BB-76ED-4787-A98D-2596BD03E23F}.Debug|iPhoneSimulator.Deploy.0 = Debug|Any CPU
		{0D44F9BB-76ED-4787-A98D-2596BD03E23F}.Release|Any CPU.ActiveCfg = Release|Any CPU
		{0D44F9BB-76ED-4787-A98D-2596BD03E23F}.Release|Any CPU.Build.0 = Release|Any CPU
		{0D44F9BB-76ED-4787-A98D-2596BD03E23F}.Release|Any CPU.Deploy.0 = Release|Any CPU
		{0D44F9BB-76ED-4787-A98D-2596BD03E23F}.Release|iPhone.ActiveCfg = Release|Any CPU
		{0D44F9BB-76ED-4787-A98D-2596BD03E23F}.Release|iPhone.Build.0 = Release|Any CPU
		{0D44F9BB-76ED-4787-A98D-2596BD03E23F}.Release|iPhone.Deploy.0 = Release|Any CPU
		{0D44F9BB-76ED-4787-A98D-2596BD03E23F}.Release|iPhoneSimulator.ActiveCfg = Release|Any CPU
		{0D44F9BB-76ED-4787-A98D-2596BD03E23F}.Release|iPhoneSimulator.Build.0 = Release|Any CPU
		{0D44F9BB-76ED-4787-A98D-2596BD03E23F}.Release|iPhoneSimulator.Deploy.0 = Release|Any CPU
		{43BA98AA-CC29-4541-8C0E-061CE1C0AA3F}.Debug|Any CPU.ActiveCfg = Debug|iPhone
		{43BA98AA-CC29-4541-8C0E-061CE1C0AA3F}.Debug|Any CPU.Build.0 = Debug|iPhone
		{43BA98AA-CC29-4541-8C0E-061CE1C0AA3F}.Debug|Any CPU.Deploy.0 = Debug|iPhone
		{43BA98AA-CC29-4541-8C0E-061CE1C0AA3F}.Debug|iPhone.ActiveCfg = Debug|iPhone
		{43BA98AA-CC29-4541-8C0E-061CE1C0AA3F}.Debug|iPhone.Build.0 = Debug|iPhone
		{43BA98AA-CC29-4541-8C0E-061CE1C0AA3F}.Debug|iPhone.Deploy.0 = Debug|iPhone
		{43BA98AA-CC29-4541-8C0E-061CE1C0AA3F}.Debug|iPhoneSimulator.ActiveCfg = Debug|iPhoneSimulator
		{43BA98AA-CC29-4541-8C0E-061CE1C0AA3F}.Debug|iPhoneSimulator.Build.0 = Debug|iPhoneSimulator
		{43BA98AA-CC29-4541-8C0E-061CE1C0AA3F}.Debug|iPhoneSimulator.Deploy.0 = Debug|iPhoneSimulator
		{43BA98AA-CC29-4541-8C0E-061CE1C0AA3F}.Release|Any CPU.ActiveCfg = Release|iPhoneSimulator
		{43BA98AA-CC29-4541-8C0E-061CE1C0AA3F}.Release|Any CPU.Build.0 = Release|iPhoneSimulator
		{43BA98AA-CC29-4541-8C0E-061CE1C0AA3F}.Release|Any CPU.Deploy.0 = Release|iPhoneSimulator
		{43BA98AA-CC29-4541-8C0E-061CE1C0AA3F}.Release|iPhone.ActiveCfg = Release|iPhone
		{43BA98AA-CC29-4541-8C0E-061CE1C0AA3F}.Release|iPhone.Build.0 = Release|iPhone
		{43BA98AA-CC29-4541-8C0E-061CE1C0AA3F}.Release|iPhone.Deploy.0 = Release|iPhone
		{43BA98AA-CC29-4541-8C0E-061CE1C0AA3F}.Release|iPhoneSimulator.ActiveCfg = Release|iPhoneSimulator
		{43BA98AA-CC29-4541-8C0E-061CE1C0AA3F}.Release|iPhoneSimulator.Build.0 = Release|iPhoneSimulator
		{43BA98AA-CC29-4541-8C0E-061CE1C0AA3F}.Release|iPhoneSimulator.Deploy.0 = Release|iPhoneSimulator
		{7BDE3906-408B-483E-A276-2C260107EB10}.Debug|Any CPU.ActiveCfg = Debug|Any CPU
		{7BDE3906-408B-483E-A276-2C260107EB10}.Debug|Any CPU.Build.0 = Debug|Any CPU
		{7BDE3906-408B-483E-A276-2C260107EB10}.Debug|Any CPU.Deploy.0 = Debug|Any CPU
		{7BDE3906-408B-483E-A276-2C260107EB10}.Debug|iPhone.ActiveCfg = Debug|Any CPU
		{7BDE3906-408B-483E-A276-2C260107EB10}.Debug|iPhone.Build.0 = Debug|Any CPU
		{7BDE3906-408B-483E-A276-2C260107EB10}.Debug|iPhone.Deploy.0 = Debug|Any CPU
		{7BDE3906-408B-483E-A276-2C260107EB10}.Debug|iPhoneSimulator.ActiveCfg = Debug|Any CPU
		{7BDE3906-408B-483E-A276-2C260107EB10}.Debug|iPhoneSimulator.Build.0 = Debug|Any CPU
		{7BDE3906-408B-483E-A276-2C260107EB10}.Debug|iPhoneSimulator.Deploy.0 = Debug|Any CPU
		{7BDE3906-408B-483E-A276-2C260107EB10}.Release|Any CPU.ActiveCfg = Release|Any CPU
		{7BDE3906-408B-483E-A276-2C260107EB10}.Release|Any CPU.Build.0 = Release|Any CPU
		{7BDE3906-408B-483E-A276-2C260107EB10}.Release|Any CPU.Deploy.0 = Release|Any CPU
		{7BDE3906-408B-483E-A276-2C260107EB10}.Release|iPhone.ActiveCfg = Release|Any CPU
		{7BDE3906-408B-483E-A276-2C260107EB10}.Release|iPhone.Build.0 = Release|Any CPU
		{7BDE3906-408B-483E-A276-2C260107EB10}.Release|iPhone.Deploy.0 = Release|Any CPU
		{7BDE3906-408B-483E-A276-2C260107EB10}.Release|iPhoneSimulator.ActiveCfg = Release|Any CPU
		{7BDE3906-408B-483E-A276-2C260107EB10}.Release|iPhoneSimulator.Build.0 = Release|Any CPU
		{7BDE3906-408B-483E-A276-2C260107EB10}.Release|iPhoneSimulator.Deploy.0 = Release|Any CPU
	EndGlobalSection
	GlobalSection(SolutionProperties) = preSolution
		HideSolutionNode = FALSE
	EndGlobalSection
	GlobalSection(ExtensibilityGlobals) = postSolution
		SolutionGuid = {1B43CB7A-12E3-4327-848C-69440DDA019B}
	EndGlobalSection
EndGlobal
